
Microsoft Visual Studio Solution File, Format Version 12.00
# Visual Studio Version 17
VisualStudioVersion = 17.3.32825.248
MinimumVisualStudioVersion = 10.0.40219.1
Project("{FAE04EC0-301F-11D3-BF4B-00C04F79EFBC}") = "AppCitas.Service", "AppCitas.Service.csproj", "{E647288E-595D-4FEE-BE88-E9B189AE083F}"
EndProject
Global
	GlobalSection(SolutionConfigurationPlatforms) = preSolution
		Debug|Any CPU = Debug|Any CPU
		Release|Any CPU = Release|Any CPU
	EndGlobalSection
	GlobalSection(ProjectConfigurationPlatforms) = postSolution
		{E647288E-595D-4FEE-BE88-E9B189AE083F}.Debug|Any CPU.ActiveCfg = Debug|Any CPU
		{E647288E-595D-4FEE-BE88-E9B189AE083F}.Debug|Any CPU.Build.0 = Debug|Any CPU
		{E647288E-595D-4FEE-BE88-E9B189AE083F}.Release|Any CPU.ActiveCfg = Release|Any CPU
		{E647288E-595D-4FEE-BE88-E9B189AE083F}.Release|Any CPU.Build.0 = Release|Any CPU
	EndGlobalSection
	GlobalSection(SolutionProperties) = preSolution
		HideSolutionNode = FALSE
	EndGlobalSection
	GlobalSection(ExtensibilityGlobals) = postSolution
		SolutionGuid = {799B3BFC-B0F4-4E2A-BF57-520B428C7D23}
	EndGlobalSection
EndGlobal
