
Microsoft Visual Studio Solution File, Format Version 12.00
# Visual Studio Version 17
VisualStudioVersion = 17.3.32819.101
MinimumVisualStudioVersion = 10.0.40219.1
Project("{FAE04EC0-301F-11D3-BF4B-00C04F79EFBC}") = "AppCitas.Service", "AppCitas.Service.csproj", "{B593D81E-6643-4DAB-8377-41DA175BB607}"
EndProject
Global
	GlobalSection(SolutionConfigurationPlatforms) = preSolution
		Debug|Any CPU = Debug|Any CPU
		Release|Any CPU = Release|Any CPU
	EndGlobalSection
	GlobalSection(ProjectConfigurationPlatforms) = postSolution
		{B593D81E-6643-4DAB-8377-41DA175BB607}.Debug|Any CPU.ActiveCfg = Debug|Any CPU
		{B593D81E-6643-4DAB-8377-41DA175BB607}.Debug|Any CPU.Build.0 = Debug|Any CPU
		{B593D81E-6643-4DAB-8377-41DA175BB607}.Release|Any CPU.ActiveCfg = Release|Any CPU
		{B593D81E-6643-4DAB-8377-41DA175BB607}.Release|Any CPU.Build.0 = Release|Any CPU
	EndGlobalSection
	GlobalSection(SolutionProperties) = preSolution
		HideSolutionNode = FALSE
	EndGlobalSection
	GlobalSection(ExtensibilityGlobals) = postSolution
		SolutionGuid = {0F4FB13A-9F3B-4ABB-81CB-484CAFB1A04C}
	EndGlobalSection
EndGlobal
